// !$*UTF8*$!
{
	archiveVersion = 1;
	classes = {
	};
	objectVersion = 46;
	objects = {

/* Begin PBXBuildFile section */
		5D42BC2A17F48A0E00C731A6 /* Foundation.framework in Frameworks */ = {isa = PBXBuildFile; fileRef = 5D42BC2917F48A0E00C731A6 /* Foundation.framework */; };
		5D42BC2C17F48A0E00C731A6 /* CoreGraphics.framework in Frameworks */ = {isa = PBXBuildFile; fileRef = 5D42BC2B17F48A0E00C731A6 /* CoreGraphics.framework */; };
		5D42BC2E17F48A0E00C731A6 /* UIKit.framework in Frameworks */ = {isa = PBXBuildFile; fileRef = 5D42BC2D17F48A0E00C731A6 /* UIKit.framework */; };
		5D42BC3417F48A0E00C731A6 /* InfoPlist.strings in Resources */ = {isa = PBXBuildFile; fileRef = 5D42BC3217F48A0E00C731A6 /* InfoPlist.strings */; };
		5D42BC3617F48A0E00C731A6 /* main.m in Sources */ = {isa = PBXBuildFile; fileRef = 5D42BC3517F48A0E00C731A6 /* main.m */; };
		5D42BC3A17F48A0E00C731A6 /* PCAppDelegate.m in Sources */ = {isa = PBXBuildFile; fileRef = 5D42BC3917F48A0E00C731A6 /* PCAppDelegate.m */; };
		5D42BC3D17F48A0E00C731A6 /* Main.storyboard in Resources */ = {isa = PBXBuildFile; fileRef = 5D42BC3B17F48A0E00C731A6 /* Main.storyboard */; };
		5D42BC4017F48A0E00C731A6 /* PCViewController.m in Sources */ = {isa = PBXBuildFile; fileRef = 5D42BC3F17F48A0E00C731A6 /* PCViewController.m */; };
		5D42BC4217F48A0E00C731A6 /* Images.xcassets in Resources */ = {isa = PBXBuildFile; fileRef = 5D42BC4117F48A0E00C731A6 /* Images.xcassets */; };
		5D42BC4917F48A0E00C731A6 /* XCTest.framework in Frameworks */ = {isa = PBXBuildFile; fileRef = 5D42BC4817F48A0E00C731A6 /* XCTest.framework */; };
		5D42BC4A17F48A0E00C731A6 /* Foundation.framework in Frameworks */ = {isa = PBXBuildFile; fileRef = 5D42BC2917F48A0E00C731A6 /* Foundation.framework */; };
		5D42BC4B17F48A0E00C731A6 /* UIKit.framework in Frameworks */ = {isa = PBXBuildFile; fileRef = 5D42BC2D17F48A0E00C731A6 /* UIKit.framework */; };
		5D42BC5317F48A0E00C731A6 /* InfoPlist.strings in Resources */ = {isa = PBXBuildFile; fileRef = 5D42BC5117F48A0E00C731A6 /* InfoPlist.strings */; };
		5D42BC5517F48A0E00C731A6 /* Test1Tests.m in Sources */ = {isa = PBXBuildFile; fileRef = 5D42BC5417F48A0E00C731A6 /* Test1Tests.m */; };
		5D6A289417F5CAEC00FDD337 /* books_film.plist in Resources */ = {isa = PBXBuildFile; fileRef = 5D6A289317F5CAEC00FDD337 /* books_film.plist */; };
/* End PBXBuildFile section */

/* Begin PBXContainerItemProxy section */
		5D42BC4C17F48A0E00C731A6 /* PBXContainerItemProxy */ = {
			isa = PBXContainerItemProxy;
			containerPortal = 5D42BC1E17F48A0E00C731A6 /* Project object */;
			proxyType = 1;
			remoteGlobalIDString = 5D42BC2517F48A0E00C731A6;
			remoteInfo = Test1;
		};
/* End PBXContainerItemProxy section */

/* Begin PBXFileReference section */
		5D42BC2617F48A0E00C731A6 /* Test1.app */ = {isa = PBXFileReference; explicitFileType = wrapper.application; includeInIndex = 0; path = Test1.app; sourceTree = BUILT_PRODUCTS_DIR; };
		5D42BC2917F48A0E00C731A6 /* Foundation.framework */ = {isa = PBXFileReference; lastKnownFileType = wrapper.framework; name = Foundation.framework; path = System/Library/Frameworks/Foundation.framework; sourceTree = SDKROOT; };
		5D42BC2B17F48A0E00C731A6 /* CoreGraphics.framework */ = {isa = PBXFileReference; lastKnownFileType = wrapper.framework; name = CoreGraphics.framework; path = System/Library/Frameworks/CoreGraphics.framework; sourceTree = SDKROOT; };
		5D42BC2D17F48A0E00C731A6 /* UIKit.framework */ = {isa = PBXFileReference; lastKnownFileType = wrapper.framework; name = UIKit.framework; path = System/Library/Frameworks/UIKit.framework; sourceTree = SDKROOT; };
		5D42BC3117F48A0E00C731A6 /* Test1-Info.plist */ = {isa = PBXFileReference; lastKnownFileType = text.plist.xml; path = "Test1-Info.plist"; sourceTree = "<group>"; };
		5D42BC3317F48A0E00C731A6 /* en */ = {isa = PBXFileReference; lastKnownFileType = text.plist.strings; name = en; path = en.lproj/InfoPlist.strings; sourceTree = "<group>"; };
		5D42BC3517F48A0E00C731A6 /* main.m */ = {isa = PBXFileReference; lastKnownFileType = sourcecode.c.objc; path = main.m; sourceTree = "<group>"; };
		5D42BC3717F48A0E00C731A6 /* Test1-Prefix.pch */ = {isa = PBXFileReference; lastKnownFileType = sourcecode.c.h; path = "Test1-Prefix.pch"; sourceTree = "<group>"; };
		5D42BC3817F48A0E00C731A6 /* PCAppDelegate.h */ = {isa = PBXFileReference; lastKnownFileType = sourcecode.c.h; path = PCAppDelegate.h; sourceTree = "<group>"; };
		5D42BC3917F48A0E00C731A6 /* PCAppDelegate.m */ = {isa = PBXFileReference; lastKnownFileType = sourcecode.c.objc; path = PCAppDelegate.m; sourceTree = "<group>"; };
		5D42BC3C17F48A0E00C731A6 /* Base */ = {isa = PBXFileReference; lastKnownFileType = file.storyboard; name = Base; path = Base.lproj/Main.storyboard; sourceTree = "<group>"; };
		5D42BC3E17F48A0E00C731A6 /* PCViewController.h */ = {isa = PBXFileReference; lastKnownFileType = sourcecode.c.h; path = PCViewController.h; sourceTree = "<group>"; };
		5D42BC3F17F48A0E00C731A6 /* PCViewController.m */ = {isa = PBXFileReference; lastKnownFileType = sourcecode.c.objc; path = PCViewController.m; sourceTree = "<group>"; };
		5D42BC4117F48A0E00C731A6 /* Images.xcassets */ = {isa = PBXFileReference; lastKnownFileType = folder.assetcatalog; path = Images.xcassets; sourceTree = "<group>"; };
		5D42BC4717F48A0E00C731A6 /* Test1Tests.xctest */ = {isa = PBXFileReference; explicitFileType = wrapper.cfbundle; includeInIndex = 0; path = Test1Tests.xctest; sourceTree = BUILT_PRODUCTS_DIR; };
		5D42BC4817F48A0E00C731A6 /* XCTest.framework */ = {isa = PBXFileReference; lastKnownFileType = wrapper.framework; name = XCTest.framework; path = Library/Frameworks/XCTest.framework; sourceTree = DEVELOPER_DIR; };
		5D42BC5017F48A0E00C731A6 /* Test1Tests-Info.plist */ = {isa = PBXFileReference; lastKnownFileType = text.plist.xml; path = "Test1Tests-Info.plist"; sourceTree = "<group>"; };
		5D42BC5217F48A0E00C731A6 /* en */ = {isa = PBXFileReference; lastKnownFileType = text.plist.strings; name = en; path = en.lproj/InfoPlist.strings; sourceTree = "<group>"; };
		5D42BC5417F48A0E00C731A6 /* Test1Tests.m */ = {isa = PBXFileReference; lastKnownFileType = sourcecode.c.objc; path = Test1Tests.m; sourceTree = "<group>"; };
		5D6A289317F5CAEC00FDD337 /* books_film.plist */ = {isa = PBXFileReference; fileEncoding = 4; lastKnownFileType = text.plist.xml; path = books_film.plist; sourceTree = "<group>"; };
/* End PBXFileReference section */

/* Begin PBXFrameworksBuildPhase section */
		5D42BC2317F48A0E00C731A6 /* Frameworks */ = {
			isa = PBXFrameworksBuildPhase;
			buildActionMask = 2147483647;
			files = (
				5D42BC2C17F48A0E00C731A6 /* CoreGraphics.framework in Frameworks */,
				5D42BC2E17F48A0E00C731A6 /* UIKit.framework in Frameworks */,
				5D42BC2A17F48A0E00C731A6 /* Foundation.framework in Frameworks */,
			);
			runOnlyForDeploymentPostprocessing = 0;
		};
		5D42BC4417F48A0E00C731A6 /* Frameworks */ = {
			isa = PBXFrameworksBuildPhase;
			buildActionMask = 2147483647;
			files = (
				5D42BC4917F48A0E00C731A6 /* XCTest.framework in Frameworks */,
				5D42BC4B17F48A0E00C731A6 /* UIKit.framework in Frameworks */,
				5D42BC4A17F48A0E00C731A6 /* Foundation.framework in Frameworks */,
			);
			runOnlyForDeploymentPostprocessing = 0;
		};
/* End PBXFrameworksBuildPhase section */

/* Begin PBXGroup section */
		5D42BC1D17F48A0E00C731A6 = {
			isa = PBXGroup;
			children = (
				5D42BC2F17F48A0E00C731A6 /* Test1 */,
				5D42BC4E17F48A0E00C731A6 /* Test1Tests */,
				5D42BC2817F48A0E00C731A6 /* Frameworks */,
				5D42BC2717F48A0E00C731A6 /* Products */,
			);
			sourceTree = "<group>";
		};
		5D42BC2717F48A0E00C731A6 /* Products */ = {
			isa = PBXGroup;
			children = (
				5D42BC2617F48A0E00C731A6 /* Test1.app */,
				5D42BC4717F48A0E00C731A6 /* Test1Tests.xctest */,
			);
			name = Products;
			sourceTree = "<group>";
		};
		5D42BC2817F48A0E00C731A6 /* Frameworks */ = {
			isa = PBXGroup;
			children = (
				5D42BC2917F48A0E00C731A6 /* Foundation.framework */,
				5D42BC2B17F48A0E00C731A6 /* CoreGraphics.framework */,
				5D42BC2D17F48A0E00C731A6 /* UIKit.framework */,
				5D42BC4817F48A0E00C731A6 /* XCTest.framework */,
			);
			name = Frameworks;
			sourceTree = "<group>";
		};
		5D42BC2F17F48A0E00C731A6 /* Test1 */ = {
			isa = PBXGroup;
			children = (
				5D42BC3817F48A0E00C731A6 /* PCAppDelegate.h */,
				5D42BC3917F48A0E00C731A6 /* PCAppDelegate.m */,
				5D42BC3B17F48A0E00C731A6 /* Main.storyboard */,
				5D42BC3E17F48A0E00C731A6 /* PCViewController.h */,
				5D42BC3F17F48A0E00C731A6 /* PCViewController.m */,
				5D42BC4117F48A0E00C731A6 /* Images.xcassets */,
				5D42BC3017F48A0E00C731A6 /* Supporting Files */,
			);
			path = Test1;
			sourceTree = "<group>";
		};
		5D42BC3017F48A0E00C731A6 /* Supporting Files */ = {
			isa = PBXGroup;
			children = (
				5D42BC3117F48A0E00C731A6 /* Test1-Info.plist */,
				5D42BC3217F48A0E00C731A6 /* InfoPlist.strings */,
				5D42BC3517F48A0E00C731A6 /* main.m */,
				5D42BC3717F48A0E00C731A6 /* Test1-Prefix.pch */,
				5D6A289317F5CAEC00FDD337 /* books_film.plist */,
			);
			name = "Supporting Files";
			sourceTree = "<group>";
		};
		5D42BC4E17F48A0E00C731A6 /* Test1Tests */ = {
			isa = PBXGroup;
			children = (
				5D42BC5417F48A0E00C731A6 /* Test1Tests.m */,
				5D42BC4F17F48A0E00C731A6 /* Supporting Files */,
			);
			path = Test1Tests;
			sourceTree = "<group>";
		};
		5D42BC4F17F48A0E00C731A6 /* Supporting Files */ = {
			isa = PBXGroup;
			children = (
				5D42BC5017F48A0E00C731A6 /* Test1Tests-Info.plist */,
				5D42BC5117F48A0E00C731A6 /* InfoPlist.strings */,
			);
			name = "Supporting Files";
			sourceTree = "<group>";
		};
/* End PBXGroup section */

/* Begin PBXNativeTarget section */
		5D42BC2517F48A0E00C731A6 /* Test1 */ = {
			isa = PBXNativeTarget;
			buildConfigurationList = 5D42BC5817F48A0E00C731A6 /* Build configuration list for PBXNativeTarget "Test1" */;
			buildPhases = (
				5D42BC2217F48A0E00C731A6 /* Sources */,
				5D42BC2317F48A0E00C731A6 /* Frameworks */,
				5D42BC2417F48A0E00C731A6 /* Resources */,
			);
			buildRules = (
			);
			dependencies = (
			);
			name = Test1;
			productName = Test1;
			productReference = 5D42BC2617F48A0E00C731A6 /* Test1.app */;
			productType = "com.apple.product-type.application";
		};
		5D42BC4617F48A0E00C731A6 /* Test1Tests */ = {
			isa = PBXNativeTarget;
			buildConfigurationList = 5D42BC5B17F48A0E00C731A6 /* Build configuration list for PBXNativeTarget "Test1Tests" */;
			buildPhases = (
				5D42BC4317F48A0E00C731A6 /* Sources */,
				5D42BC4417F48A0E00C731A6 /* Frameworks */,
				5D42BC4517F48A0E00C731A6 /* Resources */,
			);
			buildRules = (
			);
			dependencies = (
				5D42BC4D17F48A0E00C731A6 /* PBXTargetDependency */,
			);
			name = Test1Tests;
			productName = Test1Tests;
			productReference = 5D42BC4717F48A0E00C731A6 /* Test1Tests.xctest */;
			productType = "com.apple.product-type.bundle.unit-test";
		};
/* End PBXNativeTarget section */

/* Begin PBXProject section */
		5D42BC1E17F48A0E00C731A6 /* Project object */ = {
			isa = PBXProject;
			attributes = {
				CLASSPREFIX = PC;
				LastUpgradeCheck = 0500;
				ORGANIZATIONNAME = "裴超";
				TargetAttributes = {
					5D42BC4617F48A0E00C731A6 = {
						TestTargetID = 5D42BC2517F48A0E00C731A6;
					};
				};
			};
			buildConfigurationList = 5D42BC2117F48A0E00C731A6 /* Build configuration list for PBXProject "Test1" */;
			compatibilityVersion = "Xcode 3.2";
			developmentRegion = English;
			hasScannedForEncodings = 0;
			knownRegions = (
				en,
				Base,
			);
			mainGroup = 5D42BC1D17F48A0E00C731A6;
			productRefGroup = 5D42BC2717F48A0E00C731A6 /* Products */;
			projectDirPath = "";
			projectRoot = "";
			targets = (
				5D42BC2517F48A0E00C731A6 /* Test1 */,
				5D42BC4617F48A0E00C731A6 /* Test1Tests */,
			);
		};
/* End PBXProject section */

/* Begin PBXResourcesBuildPhase section */
		5D42BC2417F48A0E00C731A6 /* Resources */ = {
			isa = PBXResourcesBuildPhase;
			buildActionMask = 2147483647;
			files = (
				5D42BC4217F48A0E00C731A6 /* Images.xcassets in Resources */,
				5D42BC3417F48A0E00C731A6 /* InfoPlist.strings in Resources */,
				5D42BC3D17F48A0E00C731A6 /* Main.storyboard in Resources */,
				5D6A289417F5CAEC00FDD337 /* books_film.plist in Resources */,
			);
			runOnlyForDeploymentPostprocessing = 0;
		};
		5D42BC4517F48A0E00C731A6 /* Resources */ = {
			isa = PBXResourcesBuildPhase;
			buildActionMask = 2147483647;
			files = (
				5D42BC5317F48A0E00C731A6 /* InfoPlist.strings in Resources */,
			);
			runOnlyForDeploymentPostprocessing = 0;
		};
/* End PBXResourcesBuildPhase section */

/* Begin PBXSourcesBuildPhase section */
		5D42BC2217F48A0E00C731A6 /* Sources */ = {
			isa = PBXSourcesBuildPhase;
			buildActionMask = 2147483647;
			files = (
				5D42BC3617F48A0E00C731A6 /* main.m in Sources */,
				5D42BC4017F48A0E00C731A6 /* PCViewController.m in Sources */,
				5D42BC3A17F48A0E00C731A6 /* PCAppDelegate.m in Sources */,
			);
			runOnlyForDeploymentPostprocessing = 0;
		};
		5D42BC4317F48A0E00C731A6 /* Sources */ = {
			isa = PBXSourcesBuildPhase;
			buildActionMask = 2147483647;
			files = (
				5D42BC5517F48A0E00C731A6 /* Test1Tests.m in Sources */,
			);
			runOnlyForDeploymentPostprocessing = 0;
		};
/* End PBXSourcesBuildPhase section */

/* Begin PBXTargetDependency section */
		5D42BC4D17F48A0E00C731A6 /* PBXTargetDependency */ = {
			isa = PBXTargetDependency;
			target = 5D42BC2517F48A0E00C731A6 /* Test1 */;
			targetProxy = 5D42BC4C17F48A0E00C731A6 /* PBXContainerItemProxy */;
		};
/* End PBXTargetDependency section */

/* Begin PBXVariantGroup section */
		5D42BC3217F48A0E00C731A6 /* InfoPlist.strings */ = {
			isa = PBXVariantGroup;
			children = (
				5D42BC3317F48A0E00C731A6 /* en */,
			);
			name = InfoPlist.strings;
			sourceTree = "<group>";
		};
		5D42BC3B17F48A0E00C731A6 /* Main.storyboard */ = {
			isa = PBXVariantGroup;
			children = (
				5D42BC3C17F48A0E00C731A6 /* Base */,
			);
			name = Main.storyboard;
			sourceTree = "<group>";
		};
		5D42BC5117F48A0E00C731A6 /* InfoPlist.strings */ = {
			isa = PBXVariantGroup;
			children = (
				5D42BC5217F48A0E00C731A6 /* en */,
			);
			name = InfoPlist.strings;
			sourceTree = "<group>";
		};
/* End PBXVariantGroup section */

/* Begin XCBuildConfiguration section */
		5D42BC5617F48A0E00C731A6 /* Debug */ = {
			isa = XCBuildConfiguration;
			buildSettings = {
				ALWAYS_SEARCH_USER_PATHS = NO;
				ARCHS = "$(ARCHS_STANDARD_INCLUDING_64_BIT)";
				CLANG_CXX_LANGUAGE_STANDARD = "gnu++0x";
				CLANG_CXX_LIBRARY = "libc++";
				CLANG_ENABLE_MODULES = YES;
				CLANG_ENABLE_OBJC_ARC = YES;
				CLANG_WARN_BOOL_CONVERSION = YES;
				CLANG_WARN_CONSTANT_CONVERSION = YES;
				CLANG_WARN_DIRECT_OBJC_ISA_USAGE = YES_ERROR;
				CLANG_WARN_EMPTY_BODY = YES;
				CLANG_WARN_ENUM_CONVERSION = YES;
				CLANG_WARN_INT_CONVERSION = YES;
				CLANG_WARN_OBJC_ROOT_CLASS = YES_ERROR;
				CLANG_WARN__DUPLICATE_METHOD_MATCH = YES;
				"CODE_SIGN_IDENTITY[sdk=iphoneos*]" = "iPhone Developer";
				COPY_PHASE_STRIP = NO;
				GCC_C_LANGUAGE_STANDARD = gnu99;
				GCC_DYNAMIC_NO_PIC = NO;
				GCC_OPTIMIZATION_LEVEL = 0;
				GCC_PREPROCESSOR_DEFINITIONS = (
					"DEBUG=1",
					"$(inherited)",
				);
				GCC_SYMBOLS_PRIVATE_EXTERN = NO;
				GCC_WARN_64_TO_32_BIT_CONVERSION = YES;
				GCC_WARN_ABOUT_RETURN_TYPE = YES_ERROR;
				GCC_WARN_UNDECLARED_SELECTOR = YES;
				GCC_WARN_UNINITIALIZED_AUTOS = YES;
				GCC_WARN_UNUSED_FUNCTION = YES;
				GCC_WARN_UNUSED_VARIABLE = YES;
				IPHONEOS_DEPLOYMENT_TARGET = 7.0;
				ONLY_ACTIVE_ARCH = YES;
				SDKROOT = iphoneos;
			};
			name = Debug;
		};
		5D42BC5717F48A0E00C731A6 /* Release */ = {
			isa = XCBuildConfiguration;
			buildSettings = {
				ALWAYS_SEARCH_USER_PATHS = NO;
				ARCHS = "$(ARCHS_STANDARD_INCLUDING_64_BIT)";
				CLANG_CXX_LANGUAGE_STANDARD = "gnu++0x";
				CLANG_CXX_LIBRARY = "libc++";
				CLANG_ENABLE_MODULES = YES;
				CLANG_ENABLE_OBJC_ARC = YES;
				CLANG_WARN_BOOL_CONVERSION = YES;
				CLANG_WARN_CONSTANT_CONVERSION = YES;
				CLANG_WARN_DIRECT_OBJC_ISA_USAGE = YES_ERROR;
				CLANG_WARN_EMPTY_BODY = YES;
				CLANG_WARN_ENUM_CONVERSION = YES;
				CLANG_WARN_INT_CONVERSION = YES;
				CLANG_WARN_OBJC_ROOT_CLASS = YES_ERROR;
				CLANG_WARN__DUPLICATE_METHOD_MATCH = YES;
				"CODE_SIGN_IDENTITY[sdk=iphoneos*]" = "iPhone Developer";
				COPY_PHASE_STRIP = YES;
				ENABLE_NS_ASSERTIONS = NO;
				GCC_C_LANGUAGE_STANDARD = gnu99;
				GCC_WARN_64_TO_32_BIT_CONVERSION = YES;
				GCC_WARN_ABOUT_RETURN_TYPE = YES_ERROR;
				GCC_WARN_UNDECLARED_SELECTOR = YES;
				GCC_WARN_UNINITIALIZED_AUTOS = YES;
				GCC_WARN_UNUSED_FUNCTION = YES;
				GCC_WARN_UNUSED_VARIABLE = YES;
				IPHONEOS_DEPLOYMENT_TARGET = 7.0;
				SDKROOT = iphoneos;
				VALIDATE_PRODUCT = YES;
			};
			name = Release;
		};
		5D42BC5917F48A0E00C731A6 /* Debug */ = {
			isa = XCBuildConfiguration;
			buildSettings = {
				ASSETCATALOG_COMPILER_APPICON_NAME = AppIcon;
				ASSETCATALOG_COMPILER_LAUNCHIMAGE_NAME = LaunchImage;
				GCC_PRECOMPILE_PREFIX_HEADER = YES;
				GCC_PREFIX_HEADER = "Test1/Test1-Prefix.pch";
				INFOPLIST_FILE = "Test1/Test1-Info.plist";
				PRODUCT_NAME = "$(TARGET_NAME)";
				WRAPPER_EXTENSION = app;
			};
			name = Debug;
		};
		5D42BC5A17F48A0E00C731A6 /* Release */ = {
			isa = XCBuildConfiguration;
			buildSettings = {
				ASSETCATALOG_COMPILER_APPICON_NAME = AppIcon;
				ASSETCATALOG_COMPILER_LAUNCHIMAGE_NAME = LaunchImage;
				GCC_PRECOMPILE_PREFIX_HEADER = YES;
				GCC_PREFIX_HEADER = "Test1/Test1-Prefix.pch";
				INFOPLIST_FILE = "Test1/Test1-Info.plist";
				PRODUCT_NAME = "$(TARGET_NAME)";
				WRAPPER_EXTENSION = app;
			};
			name = Release;
		};
		5D42BC5C17F48A0E00C731A6 /* Debug */ = {
			isa = XCBuildConfiguration;
			buildSettings = {
				ARCHS = "$(ARCHS_STANDARD_INCLUDING_64_BIT)";
				BUNDLE_LOADER = "$(BUILT_PRODUCTS_DIR)/Test1.app/Test1";
				FRAMEWORK_SEARCH_PATHS = (
					"$(SDKROOT)/Developer/Library/Frameworks",
					"$(inherited)",
					"$(DEVELOPER_FRAMEWORKS_DIR)",
				);
				GCC_PRECOMPILE_PREFIX_HEADER = YES;
				GCC_PREFIX_HEADER = "Test1/Test1-Prefix.pch";
				GCC_PREPROCESSOR_DEFINITIONS = (
					"DEBUG=1",
					"$(inherited)",
				);
				INFOPLIST_FILE = "Test1Tests/Test1Tests-Info.plist";
				PRODUCT_NAME = "$(TARGET_NAME)";
				TEST_HOST = "$(BUNDLE_LOADER)";
				WRAPPER_EXTENSION = xctest;
			};
			name = Debug;
		};
		5D42BC5D17F48A0E00C731A6 /* Release */ = {
			isa = XCBuildConfiguration;
			buildSettings = {
				ARCHS = "$(ARCHS_STANDARD_INCLUDING_64_BIT)";
				BUNDLE_LOADER = "$(BUILT_PRODUCTS_DIR)/Test1.app/Test1";
				FRAMEWORK_SEARCH_PATHS = (
					"$(SDKROOT)/Developer/Library/Frameworks",
					"$(inherited)",
					"$(DEVELOPER_FRAMEWORKS_DIR)",
				);
				GCC_PRECOMPILE_PREFIX_HEADER = YES;
				GCC_PREFIX_HEADER = "Test1/Test1-Prefix.pch";
				INFOPLIST_FILE = "Test1Tests/Test1Tests-Info.plist";
				PRODUCT_NAME = "$(TARGET_NAME)";
				TEST_HOST = "$(BUNDLE_LOADER)";
				WRAPPER_EXTENSION = xctest;
			};
			name = Release;
		};
/* End XCBuildConfiguration section */

/* Begin XCConfigurationList section */
		5D42BC2117F48A0E00C731A6 /* Build configuration list for PBXProject "Test1" */ = {
			isa = XCConfigurationList;
			buildConfigurations = (
				5D42BC5617F48A0E00C731A6 /* Debug */,
				5D42BC5717F48A0E00C731A6 /* Release */,
			);
			defaultConfigurationIsVisible = 0;
			defaultConfigurationName = Release;
		};
		5D42BC5817F48A0E00C731A6 /* Build configuration list for PBXNativeTarget "Test1" */ = {
			isa = XCConfigurationList;
			buildConfigurations = (
				5D42BC5917F48A0E00C731A6 /* Debug */,
				5D42BC5A17F48A0E00C731A6 /* Release */,
			);
			defaultConfigurationIsVisible = 0;
			defaultConfigurationName = Release;
		};
		5D42BC5B17F48A0E00C731A6 /* Build configuration list for PBXNativeTarget "Test1Tests" */ = {
			isa = XCConfigurationList;
			buildConfigurations = (
				5D42BC5C17F48A0E00C731A6 /* Debug */,
				5D42BC5D17F48A0E00C731A6 /* Release */,
			);
			defaultConfigurationIsVisible = 0;
			defaultConfigurationName = Release;
		};
/* End XCConfigurationList section */
	};
	rootObject = 5D42BC1E17F48A0E00C731A6 /* Project object */;
}
