// !$*UTF8*$!
{
	archiveVersion = 1;
	classes = {
	};
	objectVersion = 46;
	objects = {

/* Begin PBXBuildFile section */
		5D2E7CEC188BA08E00C61C4E /* Foundation.framework in Frameworks */ = {isa = PBXBuildFile; fileRef = 5D2E7CEB188BA08E00C61C4E /* Foundation.framework */; };
		5D2E7CEE188BA08E00C61C4E /* CoreGraphics.framework in Frameworks */ = {isa = PBXBuildFile; fileRef = 5D2E7CED188BA08E00C61C4E /* CoreGraphics.framework */; };
		5D2E7CF0188BA08E00C61C4E /* UIKit.framework in Frameworks */ = {isa = PBXBuildFile; fileRef = 5D2E7CEF188BA08E00C61C4E /* UIKit.framework */; };
		5D2E7CF6188BA08E00C61C4E /* InfoPlist.strings in Resources */ = {isa = PBXBuildFile; fileRef = 5D2E7CF4188BA08E00C61C4E /* InfoPlist.strings */; };
		5D2E7CF8188BA08E00C61C4E /* main.m in Sources */ = {isa = PBXBuildFile; fileRef = 5D2E7CF7188BA08E00C61C4E /* main.m */; };
		5D2E7CFC188BA08E00C61C4E /* PCAppDelegate.m in Sources */ = {isa = PBXBuildFile; fileRef = 5D2E7CFB188BA08E00C61C4E /* PCAppDelegate.m */; };
		5D2E7CFE188BA08E00C61C4E /* Images.xcassets in Resources */ = {isa = PBXBuildFile; fileRef = 5D2E7CFD188BA08E00C61C4E /* Images.xcassets */; };
		5D2E7D05188BA08E00C61C4E /* XCTest.framework in Frameworks */ = {isa = PBXBuildFile; fileRef = 5D2E7D04188BA08E00C61C4E /* XCTest.framework */; };
		5D2E7D06188BA08E00C61C4E /* Foundation.framework in Frameworks */ = {isa = PBXBuildFile; fileRef = 5D2E7CEB188BA08E00C61C4E /* Foundation.framework */; };
		5D2E7D07188BA08E00C61C4E /* UIKit.framework in Frameworks */ = {isa = PBXBuildFile; fileRef = 5D2E7CEF188BA08E00C61C4E /* UIKit.framework */; };
		5D2E7D0F188BA08E00C61C4E /* InfoPlist.strings in Resources */ = {isa = PBXBuildFile; fileRef = 5D2E7D0D188BA08E00C61C4E /* InfoPlist.strings */; };
		5D2E7D11188BA08E00C61C4E /* Test2Tests.m in Sources */ = {isa = PBXBuildFile; fileRef = 5D2E7D10188BA08E00C61C4E /* Test2Tests.m */; };
		5D2E7D1F188BBDF000C61C4E /* UIAlertView+UIAlertView.m in Sources */ = {isa = PBXBuildFile; fileRef = 5D2E7D1E188BBDF000C61C4E /* UIAlertView+UIAlertView.m */; };
/* End PBXBuildFile section */

/* Begin PBXContainerItemProxy section */
		5D2E7D08188BA08E00C61C4E /* PBXContainerItemProxy */ = {
			isa = PBXContainerItemProxy;
			containerPortal = 5D2E7CE0188BA08E00C61C4E /* Project object */;
			proxyType = 1;
			remoteGlobalIDString = 5D2E7CE7188BA08E00C61C4E;
			remoteInfo = Test2;
		};
/* End PBXContainerItemProxy section */

/* Begin PBXFileReference section */
		5D2E7CE8188BA08E00C61C4E /* Test2.app */ = {isa = PBXFileReference; explicitFileType = wrapper.application; includeInIndex = 0; path = Test2.app; sourceTree = BUILT_PRODUCTS_DIR; };
		5D2E7CEB188BA08E00C61C4E /* Foundation.framework */ = {isa = PBXFileReference; lastKnownFileType = wrapper.framework; name = Foundation.framework; path = System/Library/Frameworks/Foundation.framework; sourceTree = SDKROOT; };
		5D2E7CED188BA08E00C61C4E /* CoreGraphics.framework */ = {isa = PBXFileReference; lastKnownFileType = wrapper.framework; name = CoreGraphics.framework; path = System/Library/Frameworks/CoreGraphics.framework; sourceTree = SDKROOT; };
		5D2E7CEF188BA08E00C61C4E /* UIKit.framework */ = {isa = PBXFileReference; lastKnownFileType = wrapper.framework; name = UIKit.framework; path = System/Library/Frameworks/UIKit.framework; sourceTree = SDKROOT; };
		5D2E7CF3188BA08E00C61C4E /* Test2-Info.plist */ = {isa = PBXFileReference; lastKnownFileType = text.plist.xml; path = "Test2-Info.plist"; sourceTree = "<group>"; };
		5D2E7CF5188BA08E00C61C4E /* en */ = {isa = PBXFileReference; lastKnownFileType = text.plist.strings; name = en; path = en.lproj/InfoPlist.strings; sourceTree = "<group>"; };
		5D2E7CF7188BA08E00C61C4E /* main.m */ = {isa = PBXFileReference; lastKnownFileType = sourcecode.c.objc; path = main.m; sourceTree = "<group>"; };
		5D2E7CF9188BA08E00C61C4E /* Test2-Prefix.pch */ = {isa = PBXFileReference; lastKnownFileType = sourcecode.c.h; path = "Test2-Prefix.pch"; sourceTree = "<group>"; };
		5D2E7CFA188BA08E00C61C4E /* PCAppDelegate.h */ = {isa = PBXFileReference; lastKnownFileType = sourcecode.c.h; path = PCAppDelegate.h; sourceTree = "<group>"; };
		5D2E7CFB188BA08E00C61C4E /* PCAppDelegate.m */ = {isa = PBXFileReference; lastKnownFileType = sourcecode.c.objc; path = PCAppDelegate.m; sourceTree = "<group>"; };
		5D2E7CFD188BA08E00C61C4E /* Images.xcassets */ = {isa = PBXFileReference; lastKnownFileType = folder.assetcatalog; path = Images.xcassets; sourceTree = "<group>"; };
		5D2E7D03188BA08E00C61C4E /* Test2Tests.xctest */ = {isa = PBXFileReference; explicitFileType = wrapper.cfbundle; includeInIndex = 0; path = Test2Tests.xctest; sourceTree = BUILT_PRODUCTS_DIR; };
		5D2E7D04188BA08E00C61C4E /* XCTest.framework */ = {isa = PBXFileReference; lastKnownFileType = wrapper.framework; name = XCTest.framework; path = Library/Frameworks/XCTest.framework; sourceTree = DEVELOPER_DIR; };
		5D2E7D0C188BA08E00C61C4E /* Test2Tests-Info.plist */ = {isa = PBXFileReference; lastKnownFileType = text.plist.xml; path = "Test2Tests-Info.plist"; sourceTree = "<group>"; };
		5D2E7D0E188BA08E00C61C4E /* en */ = {isa = PBXFileReference; lastKnownFileType = text.plist.strings; name = en; path = en.lproj/InfoPlist.strings; sourceTree = "<group>"; };
		5D2E7D10188BA08E00C61C4E /* Test2Tests.m */ = {isa = PBXFileReference; lastKnownFileType = sourcecode.c.objc; path = Test2Tests.m; sourceTree = "<group>"; };
		5D2E7D1D188BBDF000C61C4E /* UIAlertView+UIAlertView.h */ = {isa = PBXFileReference; fileEncoding = 4; lastKnownFileType = sourcecode.c.h; path = "UIAlertView+UIAlertView.h"; sourceTree = "<group>"; };
		5D2E7D1E188BBDF000C61C4E /* UIAlertView+UIAlertView.m */ = {isa = PBXFileReference; fileEncoding = 4; lastKnownFileType = sourcecode.c.objc; path = "UIAlertView+UIAlertView.m"; sourceTree = "<group>"; };
/* End PBXFileReference section */

/* Begin PBXFrameworksBuildPhase section */
		5D2E7CE5188BA08E00C61C4E /* Frameworks */ = {
			isa = PBXFrameworksBuildPhase;
			buildActionMask = 2147483647;
			files = (
				5D2E7CEE188BA08E00C61C4E /* CoreGraphics.framework in Frameworks */,
				5D2E7CF0188BA08E00C61C4E /* UIKit.framework in Frameworks */,
				5D2E7CEC188BA08E00C61C4E /* Foundation.framework in Frameworks */,
			);
			runOnlyForDeploymentPostprocessing = 0;
		};
		5D2E7D00188BA08E00C61C4E /* Frameworks */ = {
			isa = PBXFrameworksBuildPhase;
			buildActionMask = 2147483647;
			files = (
				5D2E7D05188BA08E00C61C4E /* XCTest.framework in Frameworks */,
				5D2E7D07188BA08E00C61C4E /* UIKit.framework in Frameworks */,
				5D2E7D06188BA08E00C61C4E /* Foundation.framework in Frameworks */,
			);
			runOnlyForDeploymentPostprocessing = 0;
		};
/* End PBXFrameworksBuildPhase section */

/* Begin PBXGroup section */
		5D2E7CDF188BA08E00C61C4E = {
			isa = PBXGroup;
			children = (
				5D2E7CF1188BA08E00C61C4E /* Test2 */,
				5D2E7D0A188BA08E00C61C4E /* Test2Tests */,
				5D2E7CEA188BA08E00C61C4E /* Frameworks */,
				5D2E7CE9188BA08E00C61C4E /* Products */,
			);
			sourceTree = "<group>";
		};
		5D2E7CE9188BA08E00C61C4E /* Products */ = {
			isa = PBXGroup;
			children = (
				5D2E7CE8188BA08E00C61C4E /* Test2.app */,
				5D2E7D03188BA08E00C61C4E /* Test2Tests.xctest */,
			);
			name = Products;
			sourceTree = "<group>";
		};
		5D2E7CEA188BA08E00C61C4E /* Frameworks */ = {
			isa = PBXGroup;
			children = (
				5D2E7CEB188BA08E00C61C4E /* Foundation.framework */,
				5D2E7CED188BA08E00C61C4E /* CoreGraphics.framework */,
				5D2E7CEF188BA08E00C61C4E /* UIKit.framework */,
				5D2E7D04188BA08E00C61C4E /* XCTest.framework */,
			);
			name = Frameworks;
			sourceTree = "<group>";
		};
		5D2E7CF1188BA08E00C61C4E /* Test2 */ = {
			isa = PBXGroup;
			children = (
				5D2E7CFA188BA08E00C61C4E /* PCAppDelegate.h */,
				5D2E7CFB188BA08E00C61C4E /* PCAppDelegate.m */,
				5D2E7CFD188BA08E00C61C4E /* Images.xcassets */,
				5D2E7CF2188BA08E00C61C4E /* Supporting Files */,
				5D2E7D1D188BBDF000C61C4E /* UIAlertView+UIAlertView.h */,
				5D2E7D1E188BBDF000C61C4E /* UIAlertView+UIAlertView.m */,
			);
			path = Test2;
			sourceTree = "<group>";
		};
		5D2E7CF2188BA08E00C61C4E /* Supporting Files */ = {
			isa = PBXGroup;
			children = (
				5D2E7CF3188BA08E00C61C4E /* Test2-Info.plist */,
				5D2E7CF4188BA08E00C61C4E /* InfoPlist.strings */,
				5D2E7CF7188BA08E00C61C4E /* main.m */,
				5D2E7CF9188BA08E00C61C4E /* Test2-Prefix.pch */,
			);
			name = "Supporting Files";
			sourceTree = "<group>";
		};
		5D2E7D0A188BA08E00C61C4E /* Test2Tests */ = {
			isa = PBXGroup;
			children = (
				5D2E7D10188BA08E00C61C4E /* Test2Tests.m */,
				5D2E7D0B188BA08E00C61C4E /* Supporting Files */,
			);
			path = Test2Tests;
			sourceTree = "<group>";
		};
		5D2E7D0B188BA08E00C61C4E /* Supporting Files */ = {
			isa = PBXGroup;
			children = (
				5D2E7D0C188BA08E00C61C4E /* Test2Tests-Info.plist */,
				5D2E7D0D188BA08E00C61C4E /* InfoPlist.strings */,
			);
			name = "Supporting Files";
			sourceTree = "<group>";
		};
/* End PBXGroup section */

/* Begin PBXNativeTarget section */
		5D2E7CE7188BA08E00C61C4E /* Test2 */ = {
			isa = PBXNativeTarget;
			buildConfigurationList = 5D2E7D14188BA08E00C61C4E /* Build configuration list for PBXNativeTarget "Test2" */;
			buildPhases = (
				5D2E7CE4188BA08E00C61C4E /* Sources */,
				5D2E7CE5188BA08E00C61C4E /* Frameworks */,
				5D2E7CE6188BA08E00C61C4E /* Resources */,
			);
			buildRules = (
			);
			dependencies = (
			);
			name = Test2;
			productName = Test2;
			productReference = 5D2E7CE8188BA08E00C61C4E /* Test2.app */;
			productType = "com.apple.product-type.application";
		};
		5D2E7D02188BA08E00C61C4E /* Test2Tests */ = {
			isa = PBXNativeTarget;
			buildConfigurationList = 5D2E7D17188BA08E00C61C4E /* Build configuration list for PBXNativeTarget "Test2Tests" */;
			buildPhases = (
				5D2E7CFF188BA08E00C61C4E /* Sources */,
				5D2E7D00188BA08E00C61C4E /* Frameworks */,
				5D2E7D01188BA08E00C61C4E /* Resources */,
			);
			buildRules = (
			);
			dependencies = (
				5D2E7D09188BA08E00C61C4E /* PBXTargetDependency */,
			);
			name = Test2Tests;
			productName = Test2Tests;
			productReference = 5D2E7D03188BA08E00C61C4E /* Test2Tests.xctest */;
			productType = "com.apple.product-type.bundle.unit-test";
		};
/* End PBXNativeTarget section */

/* Begin PBXProject section */
		5D2E7CE0188BA08E00C61C4E /* Project object */ = {
			isa = PBXProject;
			attributes = {
				CLASSPREFIX = PC;
				LastUpgradeCheck = 0500;
				ORGANIZATIONNAME = "裴超";
				TargetAttributes = {
					5D2E7D02188BA08E00C61C4E = {
						TestTargetID = 5D2E7CE7188BA08E00C61C4E;
					};
				};
			};
			buildConfigurationList = 5D2E7CE3188BA08E00C61C4E /* Build configuration list for PBXProject "Test2" */;
			compatibilityVersion = "Xcode 3.2";
			developmentRegion = English;
			hasScannedForEncodings = 0;
			knownRegions = (
				en,
			);
			mainGroup = 5D2E7CDF188BA08E00C61C4E;
			productRefGroup = 5D2E7CE9188BA08E00C61C4E /* Products */;
			projectDirPath = "";
			projectRoot = "";
			targets = (
				5D2E7CE7188BA08E00C61C4E /* Test2 */,
				5D2E7D02188BA08E00C61C4E /* Test2Tests */,
			);
		};
/* End PBXProject section */

/* Begin PBXResourcesBuildPhase section */
		5D2E7CE6188BA08E00C61C4E /* Resources */ = {
			isa = PBXResourcesBuildPhase;
			buildActionMask = 2147483647;
			files = (
				5D2E7CF6188BA08E00C61C4E /* InfoPlist.strings in Resources */,
				5D2E7CFE188BA08E00C61C4E /* Images.xcassets in Resources */,
			);
			runOnlyForDeploymentPostprocessing = 0;
		};
		5D2E7D01188BA08E00C61C4E /* Resources */ = {
			isa = PBXResourcesBuildPhase;
			buildActionMask = 2147483647;
			files = (
				5D2E7D0F188BA08E00C61C4E /* InfoPlist.strings in Resources */,
			);
			runOnlyForDeploymentPostprocessing = 0;
		};
/* End PBXResourcesBuildPhase section */

/* Begin PBXSourcesBuildPhase section */
		5D2E7CE4188BA08E00C61C4E /* Sources */ = {
			isa = PBXSourcesBuildPhase;
			buildActionMask = 2147483647;
			files = (
				5D2E7CF8188BA08E00C61C4E /* main.m in Sources */,
				5D2E7CFC188BA08E00C61C4E /* PCAppDelegate.m in Sources */,
				5D2E7D1F188BBDF000C61C4E /* UIAlertView+UIAlertView.m in Sources */,
			);
			runOnlyForDeploymentPostprocessing = 0;
		};
		5D2E7CFF188BA08E00C61C4E /* Sources */ = {
			isa = PBXSourcesBuildPhase;
			buildActionMask = 2147483647;
			files = (
				5D2E7D11188BA08E00C61C4E /* Test2Tests.m in Sources */,
			);
			runOnlyForDeploymentPostprocessing = 0;
		};
/* End PBXSourcesBuildPhase section */

/* Begin PBXTargetDependency section */
		5D2E7D09188BA08E00C61C4E /* PBXTargetDependency */ = {
			isa = PBXTargetDependency;
			target = 5D2E7CE7188BA08E00C61C4E /* Test2 */;
			targetProxy = 5D2E7D08188BA08E00C61C4E /* PBXContainerItemProxy */;
		};
/* End PBXTargetDependency section */

/* Begin PBXVariantGroup section */
		5D2E7CF4188BA08E00C61C4E /* InfoPlist.strings */ = {
			isa = PBXVariantGroup;
			children = (
				5D2E7CF5188BA08E00C61C4E /* en */,
			);
			name = InfoPlist.strings;
			sourceTree = "<group>";
		};
		5D2E7D0D188BA08E00C61C4E /* InfoPlist.strings */ = {
			isa = PBXVariantGroup;
			children = (
				5D2E7D0E188BA08E00C61C4E /* en */,
			);
			name = InfoPlist.strings;
			sourceTree = "<group>";
		};
/* End PBXVariantGroup section */

/* Begin XCBuildConfiguration section */
		5D2E7D12188BA08E00C61C4E /* Debug */ = {
			isa = XCBuildConfiguration;
			buildSettings = {
				ALWAYS_SEARCH_USER_PATHS = NO;
				ARCHS = "$(ARCHS_STANDARD_INCLUDING_64_BIT)";
				CLANG_CXX_LANGUAGE_STANDARD = "gnu++0x";
				CLANG_CXX_LIBRARY = "libc++";
				CLANG_ENABLE_MODULES = YES;
				CLANG_ENABLE_OBJC_ARC = YES;
				CLANG_WARN_BOOL_CONVERSION = YES;
				CLANG_WARN_CONSTANT_CONVERSION = YES;
				CLANG_WARN_DIRECT_OBJC_ISA_USAGE = YES_ERROR;
				CLANG_WARN_EMPTY_BODY = YES;
				CLANG_WARN_ENUM_CONVERSION = YES;
				CLANG_WARN_INT_CONVERSION = YES;
				CLANG_WARN_OBJC_ROOT_CLASS = YES_ERROR;
				CLANG_WARN__DUPLICATE_METHOD_MATCH = YES;
				"CODE_SIGN_IDENTITY[sdk=iphoneos*]" = "iPhone Developer";
				COPY_PHASE_STRIP = NO;
				GCC_C_LANGUAGE_STANDARD = gnu99;
				GCC_DYNAMIC_NO_PIC = NO;
				GCC_OPTIMIZATION_LEVEL = 0;
				GCC_PREPROCESSOR_DEFINITIONS = (
					"DEBUG=1",
					"$(inherited)",
				);
				GCC_SYMBOLS_PRIVATE_EXTERN = NO;
				GCC_WARN_64_TO_32_BIT_CONVERSION = YES;
				GCC_WARN_ABOUT_RETURN_TYPE = YES_ERROR;
				GCC_WARN_UNDECLARED_SELECTOR = YES;
				GCC_WARN_UNINITIALIZED_AUTOS = YES;
				GCC_WARN_UNUSED_FUNCTION = YES;
				GCC_WARN_UNUSED_VARIABLE = YES;
				IPHONEOS_DEPLOYMENT_TARGET = 7.0;
				ONLY_ACTIVE_ARCH = YES;
				SDKROOT = iphoneos;
			};
			name = Debug;
		};
		5D2E7D13188BA08E00C61C4E /* Release */ = {
			isa = XCBuildConfiguration;
			buildSettings = {
				ALWAYS_SEARCH_USER_PATHS = NO;
				ARCHS = "$(ARCHS_STANDARD_INCLUDING_64_BIT)";
				CLANG_CXX_LANGUAGE_STANDARD = "gnu++0x";
				CLANG_CXX_LIBRARY = "libc++";
				CLANG_ENABLE_MODULES = YES;
				CLANG_ENABLE_OBJC_ARC = YES;
				CLANG_WARN_BOOL_CONVERSION = YES;
				CLANG_WARN_CONSTANT_CONVERSION = YES;
				CLANG_WARN_DIRECT_OBJC_ISA_USAGE = YES_ERROR;
				CLANG_WARN_EMPTY_BODY = YES;
				CLANG_WARN_ENUM_CONVERSION = YES;
				CLANG_WARN_INT_CONVERSION = YES;
				CLANG_WARN_OBJC_ROOT_CLASS = YES_ERROR;
				CLANG_WARN__DUPLICATE_METHOD_MATCH = YES;
				"CODE_SIGN_IDENTITY[sdk=iphoneos*]" = "iPhone Developer";
				COPY_PHASE_STRIP = YES;
				ENABLE_NS_ASSERTIONS = NO;
				GCC_C_LANGUAGE_STANDARD = gnu99;
				GCC_WARN_64_TO_32_BIT_CONVERSION = YES;
				GCC_WARN_ABOUT_RETURN_TYPE = YES_ERROR;
				GCC_WARN_UNDECLARED_SELECTOR = YES;
				GCC_WARN_UNINITIALIZED_AUTOS = YES;
				GCC_WARN_UNUSED_FUNCTION = YES;
				GCC_WARN_UNUSED_VARIABLE = YES;
				IPHONEOS_DEPLOYMENT_TARGET = 7.0;
				SDKROOT = iphoneos;
				VALIDATE_PRODUCT = YES;
			};
			name = Release;
		};
		5D2E7D15188BA08E00C61C4E /* Debug */ = {
			isa = XCBuildConfiguration;
			buildSettings = {
				ASSETCATALOG_COMPILER_APPICON_NAME = AppIcon;
				ASSETCATALOG_COMPILER_LAUNCHIMAGE_NAME = LaunchImage;
				GCC_PRECOMPILE_PREFIX_HEADER = YES;
				GCC_PREFIX_HEADER = "Test2/Test2-Prefix.pch";
				INFOPLIST_FILE = "Test2/Test2-Info.plist";
				PRODUCT_NAME = "$(TARGET_NAME)";
				WRAPPER_EXTENSION = app;
			};
			name = Debug;
		};
		5D2E7D16188BA08E00C61C4E /* Release */ = {
			isa = XCBuildConfiguration;
			buildSettings = {
				ASSETCATALOG_COMPILER_APPICON_NAME = AppIcon;
				ASSETCATALOG_COMPILER_LAUNCHIMAGE_NAME = LaunchImage;
				GCC_PRECOMPILE_PREFIX_HEADER = YES;
				GCC_PREFIX_HEADER = "Test2/Test2-Prefix.pch";
				INFOPLIST_FILE = "Test2/Test2-Info.plist";
				PRODUCT_NAME = "$(TARGET_NAME)";
				WRAPPER_EXTENSION = app;
			};
			name = Release;
		};
		5D2E7D18188BA08E00C61C4E /* Debug */ = {
			isa = XCBuildConfiguration;
			buildSettings = {
				ARCHS = "$(ARCHS_STANDARD_INCLUDING_64_BIT)";
				BUNDLE_LOADER = "$(BUILT_PRODUCTS_DIR)/Test2.app/Test2";
				FRAMEWORK_SEARCH_PATHS = (
					"$(SDKROOT)/Developer/Library/Frameworks",
					"$(inherited)",
					"$(DEVELOPER_FRAMEWORKS_DIR)",
				);
				GCC_PRECOMPILE_PREFIX_HEADER = YES;
				GCC_PREFIX_HEADER = "Test2/Test2-Prefix.pch";
				GCC_PREPROCESSOR_DEFINITIONS = (
					"DEBUG=1",
					"$(inherited)",
				);
				INFOPLIST_FILE = "Test2Tests/Test2Tests-Info.plist";
				PRODUCT_NAME = "$(TARGET_NAME)";
				TEST_HOST = "$(BUNDLE_LOADER)";
				WRAPPER_EXTENSION = xctest;
			};
			name = Debug;
		};
		5D2E7D19188BA08E00C61C4E /* Release */ = {
			isa = XCBuildConfiguration;
			buildSettings = {
				ARCHS = "$(ARCHS_STANDARD_INCLUDING_64_BIT)";
				BUNDLE_LOADER = "$(BUILT_PRODUCTS_DIR)/Test2.app/Test2";
				FRAMEWORK_SEARCH_PATHS = (
					"$(SDKROOT)/Developer/Library/Frameworks",
					"$(inherited)",
					"$(DEVELOPER_FRAMEWORKS_DIR)",
				);
				GCC_PRECOMPILE_PREFIX_HEADER = YES;
				GCC_PREFIX_HEADER = "Test2/Test2-Prefix.pch";
				INFOPLIST_FILE = "Test2Tests/Test2Tests-Info.plist";
				PRODUCT_NAME = "$(TARGET_NAME)";
				TEST_HOST = "$(BUNDLE_LOADER)";
				WRAPPER_EXTENSION = xctest;
			};
			name = Release;
		};
/* End XCBuildConfiguration section */

/* Begin XCConfigurationList section */
		5D2E7CE3188BA08E00C61C4E /* Build configuration list for PBXProject "Test2" */ = {
			isa = XCConfigurationList;
			buildConfigurations = (
				5D2E7D12188BA08E00C61C4E /* Debug */,
				5D2E7D13188BA08E00C61C4E /* Release */,
			);
			defaultConfigurationIsVisible = 0;
			defaultConfigurationName = Release;
		};
		5D2E7D14188BA08E00C61C4E /* Build configuration list for PBXNativeTarget "Test2" */ = {
			isa = XCConfigurationList;
			buildConfigurations = (
				5D2E7D15188BA08E00C61C4E /* Debug */,
				5D2E7D16188BA08E00C61C4E /* Release */,
			);
			defaultConfigurationIsVisible = 0;
		};
		5D2E7D17188BA08E00C61C4E /* Build configuration list for PBXNativeTarget "Test2Tests" */ = {
			isa = XCConfigurationList;
			buildConfigurations = (
				5D2E7D18188BA08E00C61C4E /* Debug */,
				5D2E7D19188BA08E00C61C4E /* Release */,
			);
			defaultConfigurationIsVisible = 0;
		};
/* End XCConfigurationList section */
	};
	rootObject = 5D2E7CE0188BA08E00C61C4E /* Project object */;
}
