// !$*UTF8*$!
{
	archiveVersion = 1;
	classes = {
	};
	objectVersion = 46;
	objects = {

/* Begin PBXBuildFile section */
		5D5153E2187EC49A0031EE9D /* Foundation.framework in Frameworks */ = {isa = PBXBuildFile; fileRef = 5D5153E1187EC49A0031EE9D /* Foundation.framework */; };
		5D5153E4187EC49A0031EE9D /* CoreGraphics.framework in Frameworks */ = {isa = PBXBuildFile; fileRef = 5D5153E3187EC49A0031EE9D /* CoreGraphics.framework */; };
		5D5153E6187EC49A0031EE9D /* UIKit.framework in Frameworks */ = {isa = PBXBuildFile; fileRef = 5D5153E5187EC49A0031EE9D /* UIKit.framework */; };
		5D5153EC187EC49A0031EE9D /* InfoPlist.strings in Resources */ = {isa = PBXBuildFile; fileRef = 5D5153EA187EC49A0031EE9D /* InfoPlist.strings */; };
		5D5153EE187EC49A0031EE9D /* main.m in Sources */ = {isa = PBXBuildFile; fileRef = 5D5153ED187EC49A0031EE9D /* main.m */; };
		5D5153F2187EC49A0031EE9D /* PCAppDelegate.m in Sources */ = {isa = PBXBuildFile; fileRef = 5D5153F1187EC49A0031EE9D /* PCAppDelegate.m */; };
		5D5153F4187EC49A0031EE9D /* Images.xcassets in Resources */ = {isa = PBXBuildFile; fileRef = 5D5153F3187EC49A0031EE9D /* Images.xcassets */; };
		5D5153FB187EC49A0031EE9D /* XCTest.framework in Frameworks */ = {isa = PBXBuildFile; fileRef = 5D5153FA187EC49A0031EE9D /* XCTest.framework */; };
		5D5153FC187EC49A0031EE9D /* Foundation.framework in Frameworks */ = {isa = PBXBuildFile; fileRef = 5D5153E1187EC49A0031EE9D /* Foundation.framework */; };
		5D5153FD187EC49A0031EE9D /* UIKit.framework in Frameworks */ = {isa = PBXBuildFile; fileRef = 5D5153E5187EC49A0031EE9D /* UIKit.framework */; };
		5D515405187EC49A0031EE9D /* InfoPlist.strings in Resources */ = {isa = PBXBuildFile; fileRef = 5D515403187EC49A0031EE9D /* InfoPlist.strings */; };
		5D515407187EC49A0031EE9D /* ToDoListTests.m in Sources */ = {isa = PBXBuildFile; fileRef = 5D515406187EC49A0031EE9D /* ToDoListTests.m */; };
		5D515411187EDC1A0031EE9D /* Main.storyboard in Resources */ = {isa = PBXBuildFile; fileRef = 5D515410187EDC1A0031EE9D /* Main.storyboard */; };
/* End PBXBuildFile section */

/* Begin PBXContainerItemProxy section */
		5D5153FE187EC49A0031EE9D /* PBXContainerItemProxy */ = {
			isa = PBXContainerItemProxy;
			containerPortal = 5D5153D6187EC49A0031EE9D /* Project object */;
			proxyType = 1;
			remoteGlobalIDString = 5D5153DD187EC49A0031EE9D;
			remoteInfo = ToDoList;
		};
/* End PBXContainerItemProxy section */

/* Begin PBXFileReference section */
		5D5153DE187EC49A0031EE9D /* ToDoList.app */ = {isa = PBXFileReference; explicitFileType = wrapper.application; includeInIndex = 0; path = ToDoList.app; sourceTree = BUILT_PRODUCTS_DIR; };
		5D5153E1187EC49A0031EE9D /* Foundation.framework */ = {isa = PBXFileReference; lastKnownFileType = wrapper.framework; name = Foundation.framework; path = System/Library/Frameworks/Foundation.framework; sourceTree = SDKROOT; };
		5D5153E3187EC49A0031EE9D /* CoreGraphics.framework */ = {isa = PBXFileReference; lastKnownFileType = wrapper.framework; name = CoreGraphics.framework; path = System/Library/Frameworks/CoreGraphics.framework; sourceTree = SDKROOT; };
		5D5153E5187EC49A0031EE9D /* UIKit.framework */ = {isa = PBXFileReference; lastKnownFileType = wrapper.framework; name = UIKit.framework; path = System/Library/Frameworks/UIKit.framework; sourceTree = SDKROOT; };
		5D5153E9187EC49A0031EE9D /* ToDoList-Info.plist */ = {isa = PBXFileReference; lastKnownFileType = text.plist.xml; path = "ToDoList-Info.plist"; sourceTree = "<group>"; };
		5D5153EB187EC49A0031EE9D /* en */ = {isa = PBXFileReference; lastKnownFileType = text.plist.strings; name = en; path = en.lproj/InfoPlist.strings; sourceTree = "<group>"; };
		5D5153ED187EC49A0031EE9D /* main.m */ = {isa = PBXFileReference; lastKnownFileType = sourcecode.c.objc; path = main.m; sourceTree = "<group>"; };
		5D5153EF187EC49A0031EE9D /* ToDoList-Prefix.pch */ = {isa = PBXFileReference; lastKnownFileType = sourcecode.c.h; path = "ToDoList-Prefix.pch"; sourceTree = "<group>"; };
		5D5153F0187EC49A0031EE9D /* PCAppDelegate.h */ = {isa = PBXFileReference; lastKnownFileType = sourcecode.c.h; path = PCAppDelegate.h; sourceTree = "<group>"; };
		5D5153F1187EC49A0031EE9D /* PCAppDelegate.m */ = {isa = PBXFileReference; lastKnownFileType = sourcecode.c.objc; path = PCAppDelegate.m; sourceTree = "<group>"; };
		5D5153F3187EC49A0031EE9D /* Images.xcassets */ = {isa = PBXFileReference; lastKnownFileType = folder.assetcatalog; path = Images.xcassets; sourceTree = "<group>"; };
		5D5153F9187EC49A0031EE9D /* ToDoListTests.xctest */ = {isa = PBXFileReference; explicitFileType = wrapper.cfbundle; includeInIndex = 0; path = ToDoListTests.xctest; sourceTree = BUILT_PRODUCTS_DIR; };
		5D5153FA187EC49A0031EE9D /* XCTest.framework */ = {isa = PBXFileReference; lastKnownFileType = wrapper.framework; name = XCTest.framework; path = Library/Frameworks/XCTest.framework; sourceTree = DEVELOPER_DIR; };
		5D515402187EC49A0031EE9D /* ToDoListTests-Info.plist */ = {isa = PBXFileReference; lastKnownFileType = text.plist.xml; path = "ToDoListTests-Info.plist"; sourceTree = "<group>"; };
		5D515404187EC49A0031EE9D /* en */ = {isa = PBXFileReference; lastKnownFileType = text.plist.strings; name = en; path = en.lproj/InfoPlist.strings; sourceTree = "<group>"; };
		5D515406187EC49A0031EE9D /* ToDoListTests.m */ = {isa = PBXFileReference; lastKnownFileType = sourcecode.c.objc; path = ToDoListTests.m; sourceTree = "<group>"; };
		5D515410187EDC1A0031EE9D /* Main.storyboard */ = {isa = PBXFileReference; fileEncoding = 4; lastKnownFileType = file.storyboard; name = Main.storyboard; path = ../Main.storyboard; sourceTree = "<group>"; };
/* End PBXFileReference section */

/* Begin PBXFrameworksBuildPhase section */
		5D5153DB187EC49A0031EE9D /* Frameworks */ = {
			isa = PBXFrameworksBuildPhase;
			buildActionMask = 2147483647;
			files = (
				5D5153E4187EC49A0031EE9D /* CoreGraphics.framework in Frameworks */,
				5D5153E6187EC49A0031EE9D /* UIKit.framework in Frameworks */,
				5D5153E2187EC49A0031EE9D /* Foundation.framework in Frameworks */,
			);
			runOnlyForDeploymentPostprocessing = 0;
		};
		5D5153F6187EC49A0031EE9D /* Frameworks */ = {
			isa = PBXFrameworksBuildPhase;
			buildActionMask = 2147483647;
			files = (
				5D5153FB187EC49A0031EE9D /* XCTest.framework in Frameworks */,
				5D5153FD187EC49A0031EE9D /* UIKit.framework in Frameworks */,
				5D5153FC187EC49A0031EE9D /* Foundation.framework in Frameworks */,
			);
			runOnlyForDeploymentPostprocessing = 0;
		};
/* End PBXFrameworksBuildPhase section */

/* Begin PBXGroup section */
		5D5153D5187EC49A0031EE9D = {
			isa = PBXGroup;
			children = (
				5D5153E7187EC49A0031EE9D /* ToDoList */,
				5D515400187EC49A0031EE9D /* ToDoListTests */,
				5D5153E0187EC49A0031EE9D /* Frameworks */,
				5D5153DF187EC49A0031EE9D /* Products */,
			);
			sourceTree = "<group>";
		};
		5D5153DF187EC49A0031EE9D /* Products */ = {
			isa = PBXGroup;
			children = (
				5D5153DE187EC49A0031EE9D /* ToDoList.app */,
				5D5153F9187EC49A0031EE9D /* ToDoListTests.xctest */,
			);
			name = Products;
			sourceTree = "<group>";
		};
		5D5153E0187EC49A0031EE9D /* Frameworks */ = {
			isa = PBXGroup;
			children = (
				5D5153E1187EC49A0031EE9D /* Foundation.framework */,
				5D5153E3187EC49A0031EE9D /* CoreGraphics.framework */,
				5D5153E5187EC49A0031EE9D /* UIKit.framework */,
				5D5153FA187EC49A0031EE9D /* XCTest.framework */,
			);
			name = Frameworks;
			sourceTree = "<group>";
		};
		5D5153E7187EC49A0031EE9D /* ToDoList */ = {
			isa = PBXGroup;
			children = (
				5D515410187EDC1A0031EE9D /* Main.storyboard */,
				5D5153F0187EC49A0031EE9D /* PCAppDelegate.h */,
				5D5153F1187EC49A0031EE9D /* PCAppDelegate.m */,
				5D5153F3187EC49A0031EE9D /* Images.xcassets */,
				5D5153E8187EC49A0031EE9D /* Supporting Files */,
			);
			path = ToDoList;
			sourceTree = "<group>";
		};
		5D5153E8187EC49A0031EE9D /* Supporting Files */ = {
			isa = PBXGroup;
			children = (
				5D5153E9187EC49A0031EE9D /* ToDoList-Info.plist */,
				5D5153EA187EC49A0031EE9D /* InfoPlist.strings */,
				5D5153ED187EC49A0031EE9D /* main.m */,
				5D5153EF187EC49A0031EE9D /* ToDoList-Prefix.pch */,
			);
			name = "Supporting Files";
			sourceTree = "<group>";
		};
		5D515400187EC49A0031EE9D /* ToDoListTests */ = {
			isa = PBXGroup;
			children = (
				5D515406187EC49A0031EE9D /* ToDoListTests.m */,
				5D515401187EC49A0031EE9D /* Supporting Files */,
			);
			path = ToDoListTests;
			sourceTree = "<group>";
		};
		5D515401187EC49A0031EE9D /* Supporting Files */ = {
			isa = PBXGroup;
			children = (
				5D515402187EC49A0031EE9D /* ToDoListTests-Info.plist */,
				5D515403187EC49A0031EE9D /* InfoPlist.strings */,
			);
			name = "Supporting Files";
			sourceTree = "<group>";
		};
/* End PBXGroup section */

/* Begin PBXNativeTarget section */
		5D5153DD187EC49A0031EE9D /* ToDoList */ = {
			isa = PBXNativeTarget;
			buildConfigurationList = 5D51540A187EC49A0031EE9D /* Build configuration list for PBXNativeTarget "ToDoList" */;
			buildPhases = (
				5D5153DA187EC49A0031EE9D /* Sources */,
				5D5153DB187EC49A0031EE9D /* Frameworks */,
				5D5153DC187EC49A0031EE9D /* Resources */,
			);
			buildRules = (
			);
			dependencies = (
			);
			name = ToDoList;
			productName = ToDoList;
			productReference = 5D5153DE187EC49A0031EE9D /* ToDoList.app */;
			productType = "com.apple.product-type.application";
		};
		5D5153F8187EC49A0031EE9D /* ToDoListTests */ = {
			isa = PBXNativeTarget;
			buildConfigurationList = 5D51540D187EC49A0031EE9D /* Build configuration list for PBXNativeTarget "ToDoListTests" */;
			buildPhases = (
				5D5153F5187EC49A0031EE9D /* Sources */,
				5D5153F6187EC49A0031EE9D /* Frameworks */,
				5D5153F7187EC49A0031EE9D /* Resources */,
			);
			buildRules = (
			);
			dependencies = (
				5D5153FF187EC49A0031EE9D /* PBXTargetDependency */,
			);
			name = ToDoListTests;
			productName = ToDoListTests;
			productReference = 5D5153F9187EC49A0031EE9D /* ToDoListTests.xctest */;
			productType = "com.apple.product-type.bundle.unit-test";
		};
/* End PBXNativeTarget section */

/* Begin PBXProject section */
		5D5153D6187EC49A0031EE9D /* Project object */ = {
			isa = PBXProject;
			attributes = {
				CLASSPREFIX = PC;
				LastUpgradeCheck = 0500;
				TargetAttributes = {
					5D5153F8187EC49A0031EE9D = {
						TestTargetID = 5D5153DD187EC49A0031EE9D;
					};
				};
			};
			buildConfigurationList = 5D5153D9187EC49A0031EE9D /* Build configuration list for PBXProject "ToDoList" */;
			compatibilityVersion = "Xcode 3.2";
			developmentRegion = English;
			hasScannedForEncodings = 0;
			knownRegions = (
				en,
			);
			mainGroup = 5D5153D5187EC49A0031EE9D;
			productRefGroup = 5D5153DF187EC49A0031EE9D /* Products */;
			projectDirPath = "";
			projectRoot = "";
			targets = (
				5D5153DD187EC49A0031EE9D /* ToDoList */,
				5D5153F8187EC49A0031EE9D /* ToDoListTests */,
			);
		};
/* End PBXProject section */

/* Begin PBXResourcesBuildPhase section */
		5D5153DC187EC49A0031EE9D /* Resources */ = {
			isa = PBXResourcesBuildPhase;
			buildActionMask = 2147483647;
			files = (
				5D515411187EDC1A0031EE9D /* Main.storyboard in Resources */,
				5D5153EC187EC49A0031EE9D /* InfoPlist.strings in Resources */,
				5D5153F4187EC49A0031EE9D /* Images.xcassets in Resources */,
			);
			runOnlyForDeploymentPostprocessing = 0;
		};
		5D5153F7187EC49A0031EE9D /* Resources */ = {
			isa = PBXResourcesBuildPhase;
			buildActionMask = 2147483647;
			files = (
				5D515405187EC49A0031EE9D /* InfoPlist.strings in Resources */,
			);
			runOnlyForDeploymentPostprocessing = 0;
		};
/* End PBXResourcesBuildPhase section */

/* Begin PBXSourcesBuildPhase section */
		5D5153DA187EC49A0031EE9D /* Sources */ = {
			isa = PBXSourcesBuildPhase;
			buildActionMask = 2147483647;
			files = (
				5D5153EE187EC49A0031EE9D /* main.m in Sources */,
				5D5153F2187EC49A0031EE9D /* PCAppDelegate.m in Sources */,
			);
			runOnlyForDeploymentPostprocessing = 0;
		};
		5D5153F5187EC49A0031EE9D /* Sources */ = {
			isa = PBXSourcesBuildPhase;
			buildActionMask = 2147483647;
			files = (
				5D515407187EC49A0031EE9D /* ToDoListTests.m in Sources */,
			);
			runOnlyForDeploymentPostprocessing = 0;
		};
/* End PBXSourcesBuildPhase section */

/* Begin PBXTargetDependency section */
		5D5153FF187EC49A0031EE9D /* PBXTargetDependency */ = {
			isa = PBXTargetDependency;
			target = 5D5153DD187EC49A0031EE9D /* ToDoList */;
			targetProxy = 5D5153FE187EC49A0031EE9D /* PBXContainerItemProxy */;
		};
/* End PBXTargetDependency section */

/* Begin PBXVariantGroup section */
		5D5153EA187EC49A0031EE9D /* InfoPlist.strings */ = {
			isa = PBXVariantGroup;
			children = (
				5D5153EB187EC49A0031EE9D /* en */,
			);
			name = InfoPlist.strings;
			sourceTree = "<group>";
		};
		5D515403187EC49A0031EE9D /* InfoPlist.strings */ = {
			isa = PBXVariantGroup;
			children = (
				5D515404187EC49A0031EE9D /* en */,
			);
			name = InfoPlist.strings;
			sourceTree = "<group>";
		};
/* End PBXVariantGroup section */

/* Begin XCBuildConfiguration section */
		5D515408187EC49A0031EE9D /* Debug */ = {
			isa = XCBuildConfiguration;
			buildSettings = {
				ALWAYS_SEARCH_USER_PATHS = NO;
				ARCHS = "$(ARCHS_STANDARD_INCLUDING_64_BIT)";
				CLANG_CXX_LANGUAGE_STANDARD = "gnu++0x";
				CLANG_CXX_LIBRARY = "libc++";
				CLANG_ENABLE_MODULES = YES;
				CLANG_ENABLE_OBJC_ARC = YES;
				CLANG_WARN_BOOL_CONVERSION = YES;
				CLANG_WARN_CONSTANT_CONVERSION = YES;
				CLANG_WARN_DIRECT_OBJC_ISA_USAGE = YES_ERROR;
				CLANG_WARN_EMPTY_BODY = YES;
				CLANG_WARN_ENUM_CONVERSION = YES;
				CLANG_WARN_INT_CONVERSION = YES;
				CLANG_WARN_OBJC_ROOT_CLASS = YES_ERROR;
				CLANG_WARN__DUPLICATE_METHOD_MATCH = YES;
				"CODE_SIGN_IDENTITY[sdk=iphoneos*]" = "iPhone Developer";
				COPY_PHASE_STRIP = NO;
				GCC_C_LANGUAGE_STANDARD = gnu99;
				GCC_DYNAMIC_NO_PIC = NO;
				GCC_OPTIMIZATION_LEVEL = 0;
				GCC_PREPROCESSOR_DEFINITIONS = (
					"DEBUG=1",
					"$(inherited)",
				);
				GCC_SYMBOLS_PRIVATE_EXTERN = NO;
				GCC_WARN_64_TO_32_BIT_CONVERSION = YES;
				GCC_WARN_ABOUT_RETURN_TYPE = YES_ERROR;
				GCC_WARN_UNDECLARED_SELECTOR = YES;
				GCC_WARN_UNINITIALIZED_AUTOS = YES;
				GCC_WARN_UNUSED_FUNCTION = YES;
				GCC_WARN_UNUSED_VARIABLE = YES;
				IPHONEOS_DEPLOYMENT_TARGET = 7.0;
				ONLY_ACTIVE_ARCH = YES;
				SDKROOT = iphoneos;
			};
			name = Debug;
		};
		5D515409187EC49A0031EE9D /* Release */ = {
			isa = XCBuildConfiguration;
			buildSettings = {
				ALWAYS_SEARCH_USER_PATHS = NO;
				ARCHS = "$(ARCHS_STANDARD_INCLUDING_64_BIT)";
				CLANG_CXX_LANGUAGE_STANDARD = "gnu++0x";
				CLANG_CXX_LIBRARY = "libc++";
				CLANG_ENABLE_MODULES = YES;
				CLANG_ENABLE_OBJC_ARC = YES;
				CLANG_WARN_BOOL_CONVERSION = YES;
				CLANG_WARN_CONSTANT_CONVERSION = YES;
				CLANG_WARN_DIRECT_OBJC_ISA_USAGE = YES_ERROR;
				CLANG_WARN_EMPTY_BODY = YES;
				CLANG_WARN_ENUM_CONVERSION = YES;
				CLANG_WARN_INT_CONVERSION = YES;
				CLANG_WARN_OBJC_ROOT_CLASS = YES_ERROR;
				CLANG_WARN__DUPLICATE_METHOD_MATCH = YES;
				"CODE_SIGN_IDENTITY[sdk=iphoneos*]" = "iPhone Developer";
				COPY_PHASE_STRIP = YES;
				ENABLE_NS_ASSERTIONS = NO;
				GCC_C_LANGUAGE_STANDARD = gnu99;
				GCC_WARN_64_TO_32_BIT_CONVERSION = YES;
				GCC_WARN_ABOUT_RETURN_TYPE = YES_ERROR;
				GCC_WARN_UNDECLARED_SELECTOR = YES;
				GCC_WARN_UNINITIALIZED_AUTOS = YES;
				GCC_WARN_UNUSED_FUNCTION = YES;
				GCC_WARN_UNUSED_VARIABLE = YES;
				IPHONEOS_DEPLOYMENT_TARGET = 7.0;
				SDKROOT = iphoneos;
				VALIDATE_PRODUCT = YES;
			};
			name = Release;
		};
		5D51540B187EC49A0031EE9D /* Debug */ = {
			isa = XCBuildConfiguration;
			buildSettings = {
				ASSETCATALOG_COMPILER_APPICON_NAME = AppIcon;
				ASSETCATALOG_COMPILER_LAUNCHIMAGE_NAME = LaunchImage;
				CODE_SIGN_IDENTITY = "iPhone Developer";
				GCC_PRECOMPILE_PREFIX_HEADER = YES;
				GCC_PREFIX_HEADER = "ToDoList/ToDoList-Prefix.pch";
				INFOPLIST_FILE = "ToDoList/ToDoList-Info.plist";
				PRODUCT_NAME = "$(TARGET_NAME)";
				WRAPPER_EXTENSION = app;
			};
			name = Debug;
		};
		5D51540C187EC49A0031EE9D /* Release */ = {
			isa = XCBuildConfiguration;
			buildSettings = {
				ASSETCATALOG_COMPILER_APPICON_NAME = AppIcon;
				ASSETCATALOG_COMPILER_LAUNCHIMAGE_NAME = LaunchImage;
				CODE_SIGN_IDENTITY = "iPhone Developer";
				GCC_PRECOMPILE_PREFIX_HEADER = YES;
				GCC_PREFIX_HEADER = "ToDoList/ToDoList-Prefix.pch";
				INFOPLIST_FILE = "ToDoList/ToDoList-Info.plist";
				PRODUCT_NAME = "$(TARGET_NAME)";
				WRAPPER_EXTENSION = app;
			};
			name = Release;
		};
		5D51540E187EC49A0031EE9D /* Debug */ = {
			isa = XCBuildConfiguration;
			buildSettings = {
				ARCHS = "$(ARCHS_STANDARD_INCLUDING_64_BIT)";
				BUNDLE_LOADER = "$(BUILT_PRODUCTS_DIR)/ToDoList.app/ToDoList";
				FRAMEWORK_SEARCH_PATHS = (
					"$(SDKROOT)/Developer/Library/Frameworks",
					"$(inherited)",
					"$(DEVELOPER_FRAMEWORKS_DIR)",
				);
				GCC_PRECOMPILE_PREFIX_HEADER = YES;
				GCC_PREFIX_HEADER = "ToDoList/ToDoList-Prefix.pch";
				GCC_PREPROCESSOR_DEFINITIONS = (
					"DEBUG=1",
					"$(inherited)",
				);
				INFOPLIST_FILE = "ToDoListTests/ToDoListTests-Info.plist";
				PRODUCT_NAME = "$(TARGET_NAME)";
				TEST_HOST = "$(BUNDLE_LOADER)";
				WRAPPER_EXTENSION = xctest;
			};
			name = Debug;
		};
		5D51540F187EC49A0031EE9D /* Release */ = {
			isa = XCBuildConfiguration;
			buildSettings = {
				ARCHS = "$(ARCHS_STANDARD_INCLUDING_64_BIT)";
				BUNDLE_LOADER = "$(BUILT_PRODUCTS_DIR)/ToDoList.app/ToDoList";
				FRAMEWORK_SEARCH_PATHS = (
					"$(SDKROOT)/Developer/Library/Frameworks",
					"$(inherited)",
					"$(DEVELOPER_FRAMEWORKS_DIR)",
				);
				GCC_PRECOMPILE_PREFIX_HEADER = YES;
				GCC_PREFIX_HEADER = "ToDoList/ToDoList-Prefix.pch";
				INFOPLIST_FILE = "ToDoListTests/ToDoListTests-Info.plist";
				PRODUCT_NAME = "$(TARGET_NAME)";
				TEST_HOST = "$(BUNDLE_LOADER)";
				WRAPPER_EXTENSION = xctest;
			};
			name = Release;
		};
/* End XCBuildConfiguration section */

/* Begin XCConfigurationList section */
		5D5153D9187EC49A0031EE9D /* Build configuration list for PBXProject "ToDoList" */ = {
			isa = XCConfigurationList;
			buildConfigurations = (
				5D515408187EC49A0031EE9D /* Debug */,
				5D515409187EC49A0031EE9D /* Release */,
			);
			defaultConfigurationIsVisible = 0;
			defaultConfigurationName = Release;
		};
		5D51540A187EC49A0031EE9D /* Build configuration list for PBXNativeTarget "ToDoList" */ = {
			isa = XCConfigurationList;
			buildConfigurations = (
				5D51540B187EC49A0031EE9D /* Debug */,
				5D51540C187EC49A0031EE9D /* Release */,
			);
			defaultConfigurationIsVisible = 0;
		};
		5D51540D187EC49A0031EE9D /* Build configuration list for PBXNativeTarget "ToDoListTests" */ = {
			isa = XCConfigurationList;
			buildConfigurations = (
				5D51540E187EC49A0031EE9D /* Debug */,
				5D51540F187EC49A0031EE9D /* Release */,
			);
			defaultConfigurationIsVisible = 0;
		};
/* End XCConfigurationList section */
	};
	rootObject = 5D5153D6187EC49A0031EE9D /* Project object */;
}
