// !$*UTF8*$!
{
	archiveVersion = 1;
	classes = {
	};
	objectVersion = 46;
	objects = {

/* Begin PBXBuildFile section */
		5DED1CAE173CAA3900A4582D /* UIKit.framework in Frameworks */ = {isa = PBXBuildFile; fileRef = 5DED1CAD173CAA3900A4582D /* UIKit.framework */; };
		5DED1CB0173CAA3900A4582D /* Foundation.framework in Frameworks */ = {isa = PBXBuildFile; fileRef = 5DED1CAF173CAA3900A4582D /* Foundation.framework */; };
		5DED1CB2173CAA3900A4582D /* CoreGraphics.framework in Frameworks */ = {isa = PBXBuildFile; fileRef = 5DED1CB1173CAA3900A4582D /* CoreGraphics.framework */; };
		5DED1CB8173CAA3900A4582D /* InfoPlist.strings in Resources */ = {isa = PBXBuildFile; fileRef = 5DED1CB6173CAA3900A4582D /* InfoPlist.strings */; };
		5DED1CBA173CAA3900A4582D /* main.m in Sources */ = {isa = PBXBuildFile; fileRef = 5DED1CB9173CAA3900A4582D /* main.m */; };
		5DED1CBE173CAA3900A4582D /* PCAppDelegate.m in Sources */ = {isa = PBXBuildFile; fileRef = 5DED1CBD173CAA3900A4582D /* PCAppDelegate.m */; };
		5DED1CC0173CAA3900A4582D /* Default.png in Resources */ = {isa = PBXBuildFile; fileRef = 5DED1CBF173CAA3900A4582D /* Default.png */; };
		5DED1CC2173CAA3900A4582D /* Default@2x.png in Resources */ = {isa = PBXBuildFile; fileRef = 5DED1CC1173CAA3900A4582D /* Default@2x.png */; };
		5DED1CC4173CAA3900A4582D /* Default-568h@2x.png in Resources */ = {isa = PBXBuildFile; fileRef = 5DED1CC3173CAA3900A4582D /* Default-568h@2x.png */; };
		5DED1CC7173CAA3900A4582D /* PCViewController.m in Sources */ = {isa = PBXBuildFile; fileRef = 5DED1CC6173CAA3900A4582D /* PCViewController.m */; };
		5DED1CCA173CAA3900A4582D /* PCViewController.xib in Resources */ = {isa = PBXBuildFile; fileRef = 5DED1CC8173CAA3900A4582D /* PCViewController.xib */; };
/* End PBXBuildFile section */

/* Begin PBXFileReference section */
		5DED1CAA173CAA3900A4582D /* Hello.app */ = {isa = PBXFileReference; explicitFileType = wrapper.application; includeInIndex = 0; path = Hello.app; sourceTree = BUILT_PRODUCTS_DIR; };
		5DED1CAD173CAA3900A4582D /* UIKit.framework */ = {isa = PBXFileReference; lastKnownFileType = wrapper.framework; name = UIKit.framework; path = System/Library/Frameworks/UIKit.framework; sourceTree = SDKROOT; };
		5DED1CAF173CAA3900A4582D /* Foundation.framework */ = {isa = PBXFileReference; lastKnownFileType = wrapper.framework; name = Foundation.framework; path = System/Library/Frameworks/Foundation.framework; sourceTree = SDKROOT; };
		5DED1CB1173CAA3900A4582D /* CoreGraphics.framework */ = {isa = PBXFileReference; lastKnownFileType = wrapper.framework; name = CoreGraphics.framework; path = System/Library/Frameworks/CoreGraphics.framework; sourceTree = SDKROOT; };
		5DED1CB5173CAA3900A4582D /* Hello-Info.plist */ = {isa = PBXFileReference; lastKnownFileType = text.plist.xml; path = "Hello-Info.plist"; sourceTree = "<group>"; };
		5DED1CB7173CAA3900A4582D /* en */ = {isa = PBXFileReference; lastKnownFileType = text.plist.strings; name = en; path = en.lproj/InfoPlist.strings; sourceTree = "<group>"; };
		5DED1CB9173CAA3900A4582D /* main.m */ = {isa = PBXFileReference; lastKnownFileType = sourcecode.c.objc; path = main.m; sourceTree = "<group>"; };
		5DED1CBB173CAA3900A4582D /* Hello-Prefix.pch */ = {isa = PBXFileReference; lastKnownFileType = sourcecode.c.h; path = "Hello-Prefix.pch"; sourceTree = "<group>"; };
		5DED1CBC173CAA3900A4582D /* PCAppDelegate.h */ = {isa = PBXFileReference; lastKnownFileType = sourcecode.c.h; path = PCAppDelegate.h; sourceTree = "<group>"; };
		5DED1CBD173CAA3900A4582D /* PCAppDelegate.m */ = {isa = PBXFileReference; lastKnownFileType = sourcecode.c.objc; path = PCAppDelegate.m; sourceTree = "<group>"; };
		5DED1CBF173CAA3900A4582D /* Default.png */ = {isa = PBXFileReference; lastKnownFileType = image.png; path = Default.png; sourceTree = "<group>"; };
		5DED1CC1173CAA3900A4582D /* Default@2x.png */ = {isa = PBXFileReference; lastKnownFileType = image.png; path = "Default@2x.png"; sourceTree = "<group>"; };
		5DED1CC3173CAA3900A4582D /* Default-568h@2x.png */ = {isa = PBXFileReference; lastKnownFileType = image.png; path = "Default-568h@2x.png"; sourceTree = "<group>"; };
		5DED1CC5173CAA3900A4582D /* PCViewController.h */ = {isa = PBXFileReference; lastKnownFileType = sourcecode.c.h; path = PCViewController.h; sourceTree = "<group>"; };
		5DED1CC6173CAA3900A4582D /* PCViewController.m */ = {isa = PBXFileReference; lastKnownFileType = sourcecode.c.objc; path = PCViewController.m; sourceTree = "<group>"; };
		5DED1CC9173CAA3900A4582D /* en */ = {isa = PBXFileReference; lastKnownFileType = file.xib; name = en; path = en.lproj/PCViewController.xib; sourceTree = "<group>"; };
/* End PBXFileReference section */

/* Begin PBXFrameworksBuildPhase section */
		5DED1CA7173CAA3900A4582D /* Frameworks */ = {
			isa = PBXFrameworksBuildPhase;
			buildActionMask = 2147483647;
			files = (
				5DED1CAE173CAA3900A4582D /* UIKit.framework in Frameworks */,
				5DED1CB0173CAA3900A4582D /* Foundation.framework in Frameworks */,
				5DED1CB2173CAA3900A4582D /* CoreGraphics.framework in Frameworks */,
			);
			runOnlyForDeploymentPostprocessing = 0;
		};
/* End PBXFrameworksBuildPhase section */

/* Begin PBXGroup section */
		5DED1CA1173CAA3900A4582D = {
			isa = PBXGroup;
			children = (
				5DED1CB3173CAA3900A4582D /* Hello */,
				5DED1CAC173CAA3900A4582D /* Frameworks */,
				5DED1CAB173CAA3900A4582D /* Products */,
			);
			sourceTree = "<group>";
		};
		5DED1CAB173CAA3900A4582D /* Products */ = {
			isa = PBXGroup;
			children = (
				5DED1CAA173CAA3900A4582D /* Hello.app */,
			);
			name = Products;
			sourceTree = "<group>";
		};
		5DED1CAC173CAA3900A4582D /* Frameworks */ = {
			isa = PBXGroup;
			children = (
				5DED1CAD173CAA3900A4582D /* UIKit.framework */,
				5DED1CAF173CAA3900A4582D /* Foundation.framework */,
				5DED1CB1173CAA3900A4582D /* CoreGraphics.framework */,
			);
			name = Frameworks;
			sourceTree = "<group>";
		};
		5DED1CB3173CAA3900A4582D /* Hello */ = {
			isa = PBXGroup;
			children = (
				5DED1CBC173CAA3900A4582D /* PCAppDelegate.h */,
				5DED1CBD173CAA3900A4582D /* PCAppDelegate.m */,
				5DED1CC5173CAA3900A4582D /* PCViewController.h */,
				5DED1CC6173CAA3900A4582D /* PCViewController.m */,
				5DED1CC8173CAA3900A4582D /* PCViewController.xib */,
				5DED1CB4173CAA3900A4582D /* Supporting Files */,
			);
			path = Hello;
			sourceTree = "<group>";
		};
		5DED1CB4173CAA3900A4582D /* Supporting Files */ = {
			isa = PBXGroup;
			children = (
				5DED1CB5173CAA3900A4582D /* Hello-Info.plist */,
				5DED1CB6173CAA3900A4582D /* InfoPlist.strings */,
				5DED1CB9173CAA3900A4582D /* main.m */,
				5DED1CBB173CAA3900A4582D /* Hello-Prefix.pch */,
				5DED1CBF173CAA3900A4582D /* Default.png */,
				5DED1CC1173CAA3900A4582D /* Default@2x.png */,
				5DED1CC3173CAA3900A4582D /* Default-568h@2x.png */,
			);
			name = "Supporting Files";
			sourceTree = "<group>";
		};
/* End PBXGroup section */

/* Begin PBXNativeTarget section */
		5DED1CA9173CAA3900A4582D /* Hello */ = {
			isa = PBXNativeTarget;
			buildConfigurationList = 5DED1CCD173CAA3900A4582D /* Build configuration list for PBXNativeTarget "Hello" */;
			buildPhases = (
				5DED1CA6173CAA3900A4582D /* Sources */,
				5DED1CA7173CAA3900A4582D /* Frameworks */,
				5DED1CA8173CAA3900A4582D /* Resources */,
			);
			buildRules = (
			);
			dependencies = (
			);
			name = Hello;
			productName = Hello;
			productReference = 5DED1CAA173CAA3900A4582D /* Hello.app */;
			productType = "com.apple.product-type.application";
		};
/* End PBXNativeTarget section */

/* Begin PBXProject section */
		5DED1CA2173CAA3900A4582D /* Project object */ = {
			isa = PBXProject;
			attributes = {
				CLASSPREFIX = PC;
				LastUpgradeCheck = 0460;
				ORGANIZATIONNAME = "裴超";
			};
			buildConfigurationList = 5DED1CA5173CAA3900A4582D /* Build configuration list for PBXProject "Hello" */;
			compatibilityVersion = "Xcode 3.2";
			developmentRegion = English;
			hasScannedForEncodings = 0;
			knownRegions = (
				en,
			);
			mainGroup = 5DED1CA1173CAA3900A4582D;
			productRefGroup = 5DED1CAB173CAA3900A4582D /* Products */;
			projectDirPath = "";
			projectRoot = "";
			targets = (
				5DED1CA9173CAA3900A4582D /* Hello */,
			);
		};
/* End PBXProject section */

/* Begin PBXResourcesBuildPhase section */
		5DED1CA8173CAA3900A4582D /* Resources */ = {
			isa = PBXResourcesBuildPhase;
			buildActionMask = 2147483647;
			files = (
				5DED1CB8173CAA3900A4582D /* InfoPlist.strings in Resources */,
				5DED1CC0173CAA3900A4582D /* Default.png in Resources */,
				5DED1CC2173CAA3900A4582D /* Default@2x.png in Resources */,
				5DED1CC4173CAA3900A4582D /* Default-568h@2x.png in Resources */,
				5DED1CCA173CAA3900A4582D /* PCViewController.xib in Resources */,
			);
			runOnlyForDeploymentPostprocessing = 0;
		};
/* End PBXResourcesBuildPhase section */

/* Begin PBXSourcesBuildPhase section */
		5DED1CA6173CAA3900A4582D /* Sources */ = {
			isa = PBXSourcesBuildPhase;
			buildActionMask = 2147483647;
			files = (
				5DED1CBA173CAA3900A4582D /* main.m in Sources */,
				5DED1CBE173CAA3900A4582D /* PCAppDelegate.m in Sources */,
				5DED1CC7173CAA3900A4582D /* PCViewController.m in Sources */,
			);
			runOnlyForDeploymentPostprocessing = 0;
		};
/* End PBXSourcesBuildPhase section */

/* Begin PBXVariantGroup section */
		5DED1CB6173CAA3900A4582D /* InfoPlist.strings */ = {
			isa = PBXVariantGroup;
			children = (
				5DED1CB7173CAA3900A4582D /* en */,
			);
			name = InfoPlist.strings;
			sourceTree = "<group>";
		};
		5DED1CC8173CAA3900A4582D /* PCViewController.xib */ = {
			isa = PBXVariantGroup;
			children = (
				5DED1CC9173CAA3900A4582D /* en */,
			);
			name = PCViewController.xib;
			sourceTree = "<group>";
		};
/* End PBXVariantGroup section */

/* Begin XCBuildConfiguration section */
		5DED1CCB173CAA3900A4582D /* Debug */ = {
			isa = XCBuildConfiguration;
			buildSettings = {
				ALWAYS_SEARCH_USER_PATHS = NO;
				CLANG_CXX_LANGUAGE_STANDARD = "gnu++0x";
				CLANG_CXX_LIBRARY = "libc++";
				CLANG_ENABLE_OBJC_ARC = YES;
				CLANG_WARN_CONSTANT_CONVERSION = YES;
				CLANG_WARN_EMPTY_BODY = YES;
				CLANG_WARN_ENUM_CONVERSION = YES;
				CLANG_WARN_INT_CONVERSION = YES;
				CLANG_WARN__DUPLICATE_METHOD_MATCH = YES;
				"CODE_SIGN_IDENTITY[sdk=iphoneos*]" = "iPhone Developer";
				COPY_PHASE_STRIP = NO;
				GCC_C_LANGUAGE_STANDARD = gnu99;
				GCC_DYNAMIC_NO_PIC = NO;
				GCC_OPTIMIZATION_LEVEL = 0;
				GCC_PREPROCESSOR_DEFINITIONS = (
					"DEBUG=1",
					"$(inherited)",
				);
				GCC_SYMBOLS_PRIVATE_EXTERN = NO;
				GCC_WARN_ABOUT_RETURN_TYPE = YES;
				GCC_WARN_UNINITIALIZED_AUTOS = YES;
				GCC_WARN_UNUSED_VARIABLE = YES;
				IPHONEOS_DEPLOYMENT_TARGET = 6.1;
				ONLY_ACTIVE_ARCH = YES;
				SDKROOT = iphoneos;
			};
			name = Debug;
		};
		5DED1CCC173CAA3900A4582D /* Release */ = {
			isa = XCBuildConfiguration;
			buildSettings = {
				ALWAYS_SEARCH_USER_PATHS = NO;
				CLANG_CXX_LANGUAGE_STANDARD = "gnu++0x";
				CLANG_CXX_LIBRARY = "libc++";
				CLANG_ENABLE_OBJC_ARC = YES;
				CLANG_WARN_CONSTANT_CONVERSION = YES;
				CLANG_WARN_EMPTY_BODY = YES;
				CLANG_WARN_ENUM_CONVERSION = YES;
				CLANG_WARN_INT_CONVERSION = YES;
				CLANG_WARN__DUPLICATE_METHOD_MATCH = YES;
				"CODE_SIGN_IDENTITY[sdk=iphoneos*]" = "iPhone Developer";
				COPY_PHASE_STRIP = YES;
				GCC_C_LANGUAGE_STANDARD = gnu99;
				GCC_WARN_ABOUT_RETURN_TYPE = YES;
				GCC_WARN_UNINITIALIZED_AUTOS = YES;
				GCC_WARN_UNUSED_VARIABLE = YES;
				IPHONEOS_DEPLOYMENT_TARGET = 6.1;
				OTHER_CFLAGS = "-DNS_BLOCK_ASSERTIONS=1";
				SDKROOT = iphoneos;
				VALIDATE_PRODUCT = YES;
			};
			name = Release;
		};
		5DED1CCE173CAA3900A4582D /* Debug */ = {
			isa = XCBuildConfiguration;
			buildSettings = {
				GCC_PRECOMPILE_PREFIX_HEADER = YES;
				GCC_PREFIX_HEADER = "Hello/Hello-Prefix.pch";
				INFOPLIST_FILE = "Hello/Hello-Info.plist";
				PRODUCT_NAME = "$(TARGET_NAME)";
				WRAPPER_EXTENSION = app;
			};
			name = Debug;
		};
		5DED1CCF173CAA3900A4582D /* Release */ = {
			isa = XCBuildConfiguration;
			buildSettings = {
				GCC_PRECOMPILE_PREFIX_HEADER = YES;
				GCC_PREFIX_HEADER = "Hello/Hello-Prefix.pch";
				INFOPLIST_FILE = "Hello/Hello-Info.plist";
				PRODUCT_NAME = "$(TARGET_NAME)";
				WRAPPER_EXTENSION = app;
			};
			name = Release;
		};
/* End XCBuildConfiguration section */

/* Begin XCConfigurationList section */
		5DED1CA5173CAA3900A4582D /* Build configuration list for PBXProject "Hello" */ = {
			isa = XCConfigurationList;
			buildConfigurations = (
				5DED1CCB173CAA3900A4582D /* Debug */,
				5DED1CCC173CAA3900A4582D /* Release */,
			);
			defaultConfigurationIsVisible = 0;
			defaultConfigurationName = Release;
		};
		5DED1CCD173CAA3900A4582D /* Build configuration list for PBXNativeTarget "Hello" */ = {
			isa = XCConfigurationList;
			buildConfigurations = (
				5DED1CCE173CAA3900A4582D /* Debug */,
				5DED1CCF173CAA3900A4582D /* Release */,
			);
			defaultConfigurationIsVisible = 0;
		};
/* End XCConfigurationList section */
	};
	rootObject = 5DED1CA2173CAA3900A4582D /* Project object */;
}
